PODS:
  - Amplify (1.0.0):
    - Amplify/Default (= 1.0.0)
  - Amplify/Default (1.0.0)
  - Amplify/Tools (1.0.0)
  - AmplifyPlugins/AWSAPIPlugin (1.0.0):
    - AppSyncRealTimeClient (~> 1.1.0)
    - AWSPluginsCore (= 1.0.0)
    - ReachabilitySwift (~> 5.0.0)
  - AmplifyPlugins/AWSCognitoAuthPlugin (1.0.0):
    - AWSMobileClient (~> 2.13.4)
    - AWSPluginsCore (= 1.0.0)
  - AmplifyPlugins/AWSDataStorePlugin (1.0.0):
    - AWSPluginsCore (= 1.0.0)
    - SQLite.swift (~> 0.12.0)
  - AppAuth (1.4.0):
    - AppAuth/Core (= 1.4.0)
    - AppAuth/ExternalUserAgent (= 1.4.0)
  - AppAuth/Core (1.4.0)
  - AppAuth/ExternalUserAgent (1.4.0)
  - AppSyncRealTimeClient (1.1.6):
    - Starscream (= 3.0.6)
  - AWSAuthCore (2.13.4):
    - AWSCore (= 2.13.4)
  - AWSCognitoIdentityProvider (2.13.4):
    - AWSCognitoIdentityProviderASF (= 1.0.1)
    - AWSCore (= 2.13.4)
  - AWSCognitoIdentityProviderASF (1.0.1)
  - AWSCore (2.13.4)
  - AWSMobileClient (2.13.4):
    - AWSAuthCore (= 2.13.4)
    - AWSCognitoIdentityProvider (= 2.13.4)
  - AWSPluginsCore (1.0.0):
    - Amplify (= 1.0.0)
    - AWSCore (~> 2.13.4)
    - AWSMobileClient (~> 2.13.4)
  - CLTypingLabel (0.4.0)
  - EasySocialButton (1.0.2)
  - GoogleSignIn (5.0.2):
    - AppAuth (~> 1.2)
    - GTMAppAuth (~> 1.0)
    - GTMSessionFetcher/Core (~> 1.1)
  - GTMAppAuth (1.0.0):
    - AppAuth/Core (~> 1.0)
    - GTMSessionFetcher (~> 1.1)
  - GTMSessionFetcher (1.4.0):
    - GTMSessionFetcher/Full (= 1.4.0)
  - GTMSessionFetcher/Core (1.4.0)
  - GTMSessionFetcher/Full (1.4.0):
    - GTMSessionFetcher/Core (= 1.4.0)
  - IQKeyboardManager (6.5.5)
  - ReachabilitySwift (5.0.0)
  - SQLite.swift (0.12.2):
    - SQLite.swift/standard (= 0.12.2)
  - SQLite.swift/standard (0.12.2)
  - Starscream (3.0.6)
  - TextFieldEffects (1.6.0)

DEPENDENCIES:
  - Amplify
  - Amplify/Tools
  - AmplifyPlugins/AWSAPIPlugin
  - AmplifyPlugins/AWSCognitoAuthPlugin
  - AmplifyPlugins/AWSDataStorePlugin
  - CLTypingLabel
  - EasySocialButton
  - GoogleSignIn
  - IQKeyboardManager
  - TextFieldEffects

SPEC REPOS:
  trunk:
    - Amplify
    - AmplifyPlugins
    - AppAuth
    - AppSyncRealTimeClient
    - AWSAuthCore
    - AWSCognitoIdentityProvider
    - AWSCognitoIdentityProviderASF
    - AWSCore
    - AWSMobileClient
    - AWSPluginsCore
    - CLTypingLabel
    - EasySocialButton
    - GoogleSignIn
    - GTMAppAuth
    - GTMSessionFetcher
    - IQKeyboardManager
    - ReachabilitySwift
    - SQLite.swift
    - Starscream
    - TextFieldEffects

SPEC CHECKSUMS:
  Amplify: d993f9ab89645ffa58616b23f95a22e1038f46a2
  AmplifyPlugins: 6f341b2013ba8a7389097287333324c8beeb43bd
  AppAuth: 31bcec809a638d7bd2f86ea8a52bd45f6e81e7c7
  AppSyncRealTimeClient: 4a2ccdc1722750a1f4d76e216f9bfb1cf12f10de
  AWSAuthCore: 72b4bd064c28985ea5345c62759632d511de342a
  AWSCognitoIdentityProvider: a2d1d2857316519c018c03ac8205cf78154db5c0
  AWSCognitoIdentityProviderASF: f94f1a502e72ef3d0a1de93e10bf7a79c8698118
  AWSCore: 06beea22b6bdbfe9f5ab5015c6901e8475c746a8
  AWSMobileClient: 33ecce524fbc011d543dae8306ca29a43ecb72e5
  AWSPluginsCore: bf9e284d77603892740526377af767498697b729
  CLTypingLabel: 95a7d1faf7e3d1d952cd11cb0491d17d80c50934
  EasySocialButton: 8f2464e11dd5b52d612964243cc899d8fae0f1eb
  GoogleSignIn: 7137d297ddc022a7e0aa4619c86d72c909fa7213
  GTMAppAuth: 4deac854479704f348309e7b66189e604cf5e01e
  GTMSessionFetcher: 6f5c8abbab8a9bce4bb3f057e317728ec6182b10
  IQKeyboardManager: 3a8b9e603f8b0eeaf5f096a1f2b2cfcf121992ef
  ReachabilitySwift: 985039c6f7b23a1da463388634119492ff86c825
  SQLite.swift: d2b4642190917051ce6bd1d49aab565fe794eea3
  Starscream: ef3ece99d765eeccb67de105bfa143f929026cf5
  TextFieldEffects: 529b8aff706fb40f82c41c780c0777941a893796

PODFILE CHECKSUM: 9bf8d6fdf77a38ae9a0e109db17332abc929a2bc

COCOAPODS: 1.9.3
