// !$*UTF8*$!
{
	archiveVersion = 1;
	classes = {
	};
	objectVersion = 50;
	objects = {

/* Begin PBXBuildFile section */
		6E834DCE249AAD4600F08FCA /* AppDelegate.swift in Sources */ = {isa = PBXBuildFile; fileRef = 6E834DCD249AAD4600F08FCA /* AppDelegate.swift */; };
		6E834DD0249AAD4600F08FCA /* SceneDelegate.swift in Sources */ = {isa = PBXBuildFile; fileRef = 6E834DCF249AAD4600F08FCA /* SceneDelegate.swift */; };
		6E834DD2249AAD4600F08FCA /* ViewController.swift in Sources */ = {isa = PBXBuildFile; fileRef = 6E834DD1249AAD4600F08FCA /* ViewController.swift */; };
		6E834DD5249AAD4600F08FCA /* Main.storyboard in Resources */ = {isa = PBXBuildFile; fileRef = 6E834DD3249AAD4600F08FCA /* Main.storyboard */; };
		6E834DD7249AAD4900F08FCA /* Assets.xcassets in Resources */ = {isa = PBXBuildFile; fileRef = 6E834DD6249AAD4900F08FCA /* Assets.xcassets */; };
		6E834DDA249AAD4900F08FCA /* LaunchScreen.storyboard in Resources */ = {isa = PBXBuildFile; fileRef = 6E834DD8249AAD4900F08FCA /* LaunchScreen.storyboard */; };
		6E834DE5249AAD4A00F08FCA /* MapTests.swift in Sources */ = {isa = PBXBuildFile; fileRef = 6E834DE4249AAD4A00F08FCA /* MapTests.swift */; };
		6E834DF0249AAD4A00F08FCA /* MapUITests.swift in Sources */ = {isa = PBXBuildFile; fileRef = 6E834DEF249AAD4A00F08FCA /* MapUITests.swift */; };
/* End PBXBuildFile section */

/* Begin PBXContainerItemProxy section */
		6E834DE1249AAD4A00F08FCA /* PBXContainerItemProxy */ = {
			isa = PBXContainerItemProxy;
			containerPortal = 6E834DC2249AAD4600F08FCA /* Project object */;
			proxyType = 1;
			remoteGlobalIDString = 6E834DC9249AAD4600F08FCA;
			remoteInfo = Map;
		};
		6E834DEC249AAD4A00F08FCA /* PBXContainerItemProxy */ = {
			isa = PBXContainerItemProxy;
			containerPortal = 6E834DC2249AAD4600F08FCA /* Project object */;
			proxyType = 1;
			remoteGlobalIDString = 6E834DC9249AAD4600F08FCA;
			remoteInfo = Map;
		};
/* End PBXContainerItemProxy section */

/* Begin PBXFileReference section */
		6E834DCA249AAD4600F08FCA /* Map.app */ = {isa = PBXFileReference; explicitFileType = wrapper.application; includeInIndex = 0; path = Map.app; sourceTree = BUILT_PRODUCTS_DIR; };
		6E834DCD249AAD4600F08FCA /* AppDelegate.swift */ = {isa = PBXFileReference; lastKnownFileType = sourcecode.swift; path = AppDelegate.swift; sourceTree = "<group>"; };
		6E834DCF249AAD4600F08FCA /* SceneDelegate.swift */ = {isa = PBXFileReference; lastKnownFileType = sourcecode.swift; path = SceneDelegate.swift; sourceTree = "<group>"; };
		6E834DD1249AAD4600F08FCA /* ViewController.swift */ = {isa = PBXFileReference; lastKnownFileType = sourcecode.swift; path = ViewController.swift; sourceTree = "<group>"; };
		6E834DD4249AAD4600F08FCA /* Base */ = {isa = PBXFileReference; lastKnownFileType = file.storyboard; name = Base; path = Base.lproj/Main.storyboard; sourceTree = "<group>"; };
		6E834DD6249AAD4900F08FCA /* Assets.xcassets */ = {isa = PBXFileReference; lastKnownFileType = folder.assetcatalog; path = Assets.xcassets; sourceTree = "<group>"; };
		6E834DD9249AAD4900F08FCA /* Base */ = {isa = PBXFileReference; lastKnownFileType = file.storyboard; name = Base; path = Base.lproj/LaunchScreen.storyboard; sourceTree = "<group>"; };
		6E834DDB249AAD4900F08FCA /* Info.plist */ = {isa = PBXFileReference; lastKnownFileType = text.plist.xml; path = Info.plist; sourceTree = "<group>"; };
		6E834DE0249AAD4A00F08FCA /* MapTests.xctest */ = {isa = PBXFileReference; explicitFileType = wrapper.cfbundle; includeInIndex = 0; path = MapTests.xctest; sourceTree = BUILT_PRODUCTS_DIR; };
		6E834DE4249AAD4A00F08FCA /* MapTests.swift */ = {isa = PBXFileReference; lastKnownFileType = sourcecode.swift; path = MapTests.swift; sourceTree = "<group>"; };
		6E834DE6249AAD4A00F08FCA /* Info.plist */ = {isa = PBXFileReference; lastKnownFileType = text.plist.xml; path = Info.plist; sourceTree = "<group>"; };
		6E834DEB249AAD4A00F08FCA /* MapUITests.xctest */ = {isa = PBXFileReference; explicitFileType = wrapper.cfbundle; includeInIndex = 0; path = MapUITests.xctest; sourceTree = BUILT_PRODUCTS_DIR; };
		6E834DEF249AAD4A00F08FCA /* MapUITests.swift */ = {isa = PBXFileReference; lastKnownFileType = sourcecode.swift; path = MapUITests.swift; sourceTree = "<group>"; };
		6E834DF1249AAD4A00F08FCA /* Info.plist */ = {isa = PBXFileReference; lastKnownFileType = text.plist.xml; path = Info.plist; sourceTree = "<group>"; };
/* End PBXFileReference section */

/* Begin PBXFrameworksBuildPhase section */
		6E834DC7249AAD4600F08FCA /* Frameworks */ = {
			isa = PBXFrameworksBuildPhase;
			buildActionMask = 2147483647;
			files = (
			);
			runOnlyForDeploymentPostprocessing = 0;
		};
		6E834DDD249AAD4A00F08FCA /* Frameworks */ = {
			isa = PBXFrameworksBuildPhase;
			buildActionMask = 2147483647;
			files = (
			);
			runOnlyForDeploymentPostprocessing = 0;
		};
		6E834DE8249AAD4A00F08FCA /* Frameworks */ = {
			isa = PBXFrameworksBuildPhase;
			buildActionMask = 2147483647;
			files = (
			);
			runOnlyForDeploymentPostprocessing = 0;
		};
/* End PBXFrameworksBuildPhase section */

/* Begin PBXGroup section */
		6E834DC1249AAD4600F08FCA = {
			isa = PBXGroup;
			children = (
				6E834DCC249AAD4600F08FCA /* Map */,
				6E834DE3249AAD4A00F08FCA /* MapTests */,
				6E834DEE249AAD4A00F08FCA /* MapUITests */,
				6E834DCB249AAD4600F08FCA /* Products */,
			);
			sourceTree = "<group>";
		};
		6E834DCB249AAD4600F08FCA /* Products */ = {
			isa = PBXGroup;
			children = (
				6E834DCA249AAD4600F08FCA /* Map.app */,
				6E834DE0249AAD4A00F08FCA /* MapTests.xctest */,
				6E834DEB249AAD4A00F08FCA /* MapUITests.xctest */,
			);
			name = Products;
			sourceTree = "<group>";
		};
		6E834DCC249AAD4600F08FCA /* Map */ = {
			isa = PBXGroup;
			children = (
				6E834DCD249AAD4600F08FCA /* AppDelegate.swift */,
				6E834DCF249AAD4600F08FCA /* SceneDelegate.swift */,
				6E834DD1249AAD4600F08FCA /* ViewController.swift */,
				6E834DD3249AAD4600F08FCA /* Main.storyboard */,
				6E834DD6249AAD4900F08FCA /* Assets.xcassets */,
				6E834DD8249AAD4900F08FCA /* LaunchScreen.storyboard */,
				6E834DDB249AAD4900F08FCA /* Info.plist */,
			);
			path = Map;
			sourceTree = "<group>";
		};
		6E834DE3249AAD4A00F08FCA /* MapTests */ = {
			isa = PBXGroup;
			children = (
				6E834DE4249AAD4A00F08FCA /* MapTests.swift */,
				6E834DE6249AAD4A00F08FCA /* Info.plist */,
			);
			path = MapTests;
			sourceTree = "<group>";
		};
		6E834DEE249AAD4A00F08FCA /* MapUITests */ = {
			isa = PBXGroup;
			children = (
				6E834DEF249AAD4A00F08FCA /* MapUITests.swift */,
				6E834DF1249AAD4A00F08FCA /* Info.plist */,
			);
			path = MapUITests;
			sourceTree = "<group>";
		};
/* End PBXGroup section */

/* Begin PBXNativeTarget section */
		6E834DC9249AAD4600F08FCA /* Map */ = {
			isa = PBXNativeTarget;
			buildConfigurationList = 6E834DF4249AAD4A00F08FCA /* Build configuration list for PBXNativeTarget "Map" */;
			buildPhases = (
				6E834DC6249AAD4600F08FCA /* Sources */,
				6E834DC7249AAD4600F08FCA /* Frameworks */,
				6E834DC8249AAD4600F08FCA /* Resources */,
			);
			buildRules = (
			);
			dependencies = (
			);
			name = Map;
			productName = Map;
			productReference = 6E834DCA249AAD4600F08FCA /* Map.app */;
			productType = "com.apple.product-type.application";
		};
		6E834DDF249AAD4A00F08FCA /* MapTests */ = {
			isa = PBXNativeTarget;
			buildConfigurationList = 6E834DF7249AAD4A00F08FCA /* Build configuration list for PBXNativeTarget "MapTests" */;
			buildPhases = (
				6E834DDC249AAD4A00F08FCA /* Sources */,
				6E834DDD249AAD4A00F08FCA /* Frameworks */,
				6E834DDE249AAD4A00F08FCA /* Resources */,
			);
			buildRules = (
			);
			dependencies = (
				6E834DE2249AAD4A00F08FCA /* PBXTargetDependency */,
			);
			name = MapTests;
			productName = MapTests;
			productReference = 6E834DE0249AAD4A00F08FCA /* MapTests.xctest */;
			productType = "com.apple.product-type.bundle.unit-test";
		};
		6E834DEA249AAD4A00F08FCA /* MapUITests */ = {
			isa = PBXNativeTarget;
			buildConfigurationList = 6E834DFA249AAD4A00F08FCA /* Build configuration list for PBXNativeTarget "MapUITests" */;
			buildPhases = (
				6E834DE7249AAD4A00F08FCA /* Sources */,
				6E834DE8249AAD4A00F08FCA /* Frameworks */,
				6E834DE9249AAD4A00F08FCA /* Resources */,
			);
			buildRules = (
			);
			dependencies = (
				6E834DED249AAD4A00F08FCA /* PBXTargetDependency */,
			);
			name = MapUITests;
			productName = MapUITests;
			productReference = 6E834DEB249AAD4A00F08FCA /* MapUITests.xctest */;
			productType = "com.apple.product-type.bundle.ui-testing";
		};
/* End PBXNativeTarget section */

/* Begin PBXProject section */
		6E834DC2249AAD4600F08FCA /* Project object */ = {
			isa = PBXProject;
			attributes = {
				LastSwiftUpdateCheck = 1150;
				LastUpgradeCheck = 1150;
				ORGANIZATIONNAME = "Jose Smith Marmolejos";
				TargetAttributes = {
					6E834DC9249AAD4600F08FCA = {
						CreatedOnToolsVersion = 11.5;
					};
					6E834DDF249AAD4A00F08FCA = {
						CreatedOnToolsVersion = 11.5;
						TestTargetID = 6E834DC9249AAD4600F08FCA;
					};
					6E834DEA249AAD4A00F08FCA = {
						CreatedOnToolsVersion = 11.5;
						TestTargetID = 6E834DC9249AAD4600F08FCA;
					};
				};
			};
			buildConfigurationList = 6E834DC5249AAD4600F08FCA /* Build configuration list for PBXProject "Map" */;
			compatibilityVersion = "Xcode 9.3";
			developmentRegion = en;
			hasScannedForEncodings = 0;
			knownRegions = (
				en,
				Base,
			);
			mainGroup = 6E834DC1249AAD4600F08FCA;
			productRefGroup = 6E834DCB249AAD4600F08FCA /* Products */;
			projectDirPath = "";
			projectRoot = "";
			targets = (
				6E834DC9249AAD4600F08FCA /* Map */,
				6E834DDF249AAD4A00F08FCA /* MapTests */,
				6E834DEA249AAD4A00F08FCA /* MapUITests */,
			);
		};
/* End PBXProject section */

/* Begin PBXResourcesBuildPhase section */
		6E834DC8249AAD4600F08FCA /* Resources */ = {
			isa = PBXResourcesBuildPhase;
			buildActionMask = 2147483647;
			files = (
				6E834DDA249AAD4900F08FCA /* LaunchScreen.storyboard in Resources */,
				6E834DD7249AAD4900F08FCA /* Assets.xcassets in Resources */,
				6E834DD5249AAD4600F08FCA /* Main.storyboard in Resources */,
			);
			runOnlyForDeploymentPostprocessing = 0;
		};
		6E834DDE249AAD4A00F08FCA /* Resources */ = {
			isa = PBXResourcesBuildPhase;
			buildActionMask = 2147483647;
			files = (
			);
			runOnlyForDeploymentPostprocessing = 0;
		};
		6E834DE9249AAD4A00F08FCA /* Resources */ = {
			isa = PBXResourcesBuildPhase;
			buildActionMask = 2147483647;
			files = (
			);
			runOnlyForDeploymentPostprocessing = 0;
		};
/* End PBXResourcesBuildPhase section */

/* Begin PBXSourcesBuildPhase section */
		6E834DC6249AAD4600F08FCA /* Sources */ = {
			isa = PBXSourcesBuildPhase;
			buildActionMask = 2147483647;
			files = (
				6E834DD2249AAD4600F08FCA /* ViewController.swift in Sources */,
				6E834DCE249AAD4600F08FCA /* AppDelegate.swift in Sources */,
				6E834DD0249AAD4600F08FCA /* SceneDelegate.swift in Sources */,
			);
			runOnlyForDeploymentPostprocessing = 0;
		};
		6E834DDC249AAD4A00F08FCA /* Sources */ = {
			isa = PBXSourcesBuildPhase;
			buildActionMask = 2147483647;
			files = (
				6E834DE5249AAD4A00F08FCA /* MapTests.swift in Sources */,
			);
			runOnlyForDeploymentPostprocessing = 0;
		};
		6E834DE7249AAD4A00F08FCA /* Sources */ = {
			isa = PBXSourcesBuildPhase;
			buildActionMask = 2147483647;
			files = (
				6E834DF0249AAD4A00F08FCA /* MapUITests.swift in Sources */,
			);
			runOnlyForDeploymentPostprocessing = 0;
		};
/* End PBXSourcesBuildPhase section */

/* Begin PBXTargetDependency section */
		6E834DE2249AAD4A00F08FCA /* PBXTargetDependency */ = {
			isa = PBXTargetDependency;
			target = 6E834DC9249AAD4600F08FCA /* Map */;
			targetProxy = 6E834DE1249AAD4A00F08FCA /* PBXContainerItemProxy */;
		};
		6E834DED249AAD4A00F08FCA /* PBXTargetDependency */ = {
			isa = PBXTargetDependency;
			target = 6E834DC9249AAD4600F08FCA /* Map */;
			targetProxy = 6E834DEC249AAD4A00F08FCA /* PBXContainerItemProxy */;
		};
/* End PBXTargetDependency section */

/* Begin PBXVariantGroup section */
		6E834DD3249AAD4600F08FCA /* Main.storyboard */ = {
			isa = PBXVariantGroup;
			children = (
				6E834DD4249AAD4600F08FCA /* Base */,
			);
			name = Main.storyboard;
			sourceTree = "<group>";
		};
		6E834DD8249AAD4900F08FCA /* LaunchScreen.storyboard */ = {
			isa = PBXVariantGroup;
			children = (
				6E834DD9249AAD4900F08FCA /* Base */,
			);
			name = LaunchScreen.storyboard;
			sourceTree = "<group>";
		};
/* End PBXVariantGroup section */

/* Begin XCBuildConfiguration section */
		6E834DF2249AAD4A00F08FCA /* Debug */ = {
			isa = XCBuildConfiguration;
			buildSettings = {
				ALWAYS_SEARCH_USER_PATHS = NO;
				CLANG_ANALYZER_NONNULL = YES;
				CLANG_ANALYZER_NUMBER_OBJECT_CONVERSION = YES_AGGRESSIVE;
				CLANG_CXX_LANGUAGE_STANDARD = "gnu++14";
				CLANG_CXX_LIBRARY = "libc++";
				CLANG_ENABLE_MODULES = YES;
				CLANG_ENABLE_OBJC_ARC = YES;
				CLANG_ENABLE_OBJC_WEAK = YES;
				CLANG_WARN_BLOCK_CAPTURE_AUTORELEASING = YES;
				CLANG_WARN_BOOL_CONVERSION = YES;
				CLANG_WARN_COMMA = YES;
				CLANG_WARN_CONSTANT_CONVERSION = YES;
				CLANG_WARN_DEPRECATED_OBJC_IMPLEMENTATIONS = YES;
				CLANG_WARN_DIRECT_OBJC_ISA_USAGE = YES_ERROR;
				CLANG_WARN_DOCUMENTATION_COMMENTS = YES;
				CLANG_WARN_EMPTY_BODY = YES;
				CLANG_WARN_ENUM_CONVERSION = YES;
				CLANG_WARN_INFINITE_RECURSION = YES;
				CLANG_WARN_INT_CONVERSION = YES;
				CLANG_WARN_NON_LITERAL_NULL_CONVERSION = YES;
				CLANG_WARN_OBJC_IMPLICIT_RETAIN_SELF = YES;
				CLANG_WARN_OBJC_LITERAL_CONVERSION = YES;
				CLANG_WARN_OBJC_ROOT_CLASS = YES_ERROR;
				CLANG_WARN_RANGE_LOOP_ANALYSIS = YES;
				CLANG_WARN_STRICT_PROTOTYPES = YES;
				CLANG_WARN_SUSPICIOUS_MOVE = YES;
				CLANG_WARN_UNGUARDED_AVAILABILITY = YES_AGGRESSIVE;
				CLANG_WARN_UNREACHABLE_CODE = YES;
				CLANG_WARN__DUPLICATE_METHOD_MATCH = YES;
				COPY_PHASE_STRIP = NO;
				DEBUG_INFORMATION_FORMAT = dwarf;
				ENABLE_STRICT_OBJC_MSGSEND = YES;
				ENABLE_TESTABILITY = YES;
				GCC_C_LANGUAGE_STANDARD = gnu11;
				GCC_DYNAMIC_NO_PIC = NO;
				GCC_NO_COMMON_BLOCKS = YES;
				GCC_OPTIMIZATION_LEVEL = 0;
				GCC_PREPROCESSOR_DEFINITIONS = (
					"DEBUG=1",
					"$(inherited)",
				);
				GCC_WARN_64_TO_32_BIT_CONVERSION = YES;
				GCC_WARN_ABOUT_RETURN_TYPE = YES_ERROR;
				GCC_WARN_UNDECLARED_SELECTOR = YES;
				GCC_WARN_UNINITIALIZED_AUTOS = YES_AGGRESSIVE;
				GCC_WARN_UNUSED_FUNCTION = YES;
				GCC_WARN_UNUSED_VARIABLE = YES;
				IPHONEOS_DEPLOYMENT_TARGET = 13.5;
				MTL_ENABLE_DEBUG_INFO = INCLUDE_SOURCE;
				MTL_FAST_MATH = YES;
				ONLY_ACTIVE_ARCH = YES;
				SDKROOT = iphoneos;
				SWIFT_ACTIVE_COMPILATION_CONDITIONS = DEBUG;
				SWIFT_OPTIMIZATION_LEVEL = "-Onone";
			};
			name = Debug;
		};
		6E834DF3249AAD4A00F08FCA /* Release */ = {
			isa = XCBuildConfiguration;
			buildSettings = {
				ALWAYS_SEARCH_USER_PATHS = NO;
				CLANG_ANALYZER_NONNULL = YES;
				CLANG_ANALYZER_NUMBER_OBJECT_CONVERSION = YES_AGGRESSIVE;
				CLANG_CXX_LANGUAGE_STANDARD = "gnu++14";
				CLANG_CXX_LIBRARY = "libc++";
				CLANG_ENABLE_MODULES = YES;
				CLANG_ENABLE_OBJC_ARC = YES;
				CLANG_ENABLE_OBJC_WEAK = YES;
				CLANG_WARN_BLOCK_CAPTURE_AUTORELEASING = YES;
				CLANG_WARN_BOOL_CONVERSION = YES;
				CLANG_WARN_COMMA = YES;
				CLANG_WARN_CONSTANT_CONVERSION = YES;
				CLANG_WARN_DEPRECATED_OBJC_IMPLEMENTATIONS = YES;
				CLANG_WARN_DIRECT_OBJC_ISA_USAGE = YES_ERROR;
				CLANG_WARN_DOCUMENTATION_COMMENTS = YES;
				CLANG_WARN_EMPTY_BODY = YES;
				CLANG_WARN_ENUM_CONVERSION = YES;
				CLANG_WARN_INFINITE_RECURSION = YES;
				CLANG_WARN_INT_CONVERSION = YES;
				CLANG_WARN_NON_LITERAL_NULL_CONVERSION = YES;
				CLANG_WARN_OBJC_IMPLICIT_RETAIN_SELF = YES;
				CLANG_WARN_OBJC_LITERAL_CONVERSION = YES;
				CLANG_WARN_OBJC_ROOT_CLASS = YES_ERROR;
				CLANG_WARN_RANGE_LOOP_ANALYSIS = YES;
				CLANG_WARN_STRICT_PROTOTYPES = YES;
				CLANG_WARN_SUSPICIOUS_MOVE = YES;
				CLANG_WARN_UNGUARDED_AVAILABILITY = YES_AGGRESSIVE;
				CLANG_WARN_UNREACHABLE_CODE = YES;
				CLANG_WARN__DUPLICATE_METHOD_MATCH = YES;
				COPY_PHASE_STRIP = NO;
				DEBUG_INFORMATION_FORMAT = "dwarf-with-dsym";
				ENABLE_NS_ASSERTIONS = NO;
				ENABLE_STRICT_OBJC_MSGSEND = YES;
				GCC_C_LANGUAGE_STANDARD = gnu11;
				GCC_NO_COMMON_BLOCKS = YES;
				GCC_WARN_64_TO_32_BIT_CONVERSION = YES;
				GCC_WARN_ABOUT_RETURN_TYPE = YES_ERROR;
				GCC_WARN_UNDECLARED_SELECTOR = YES;
				GCC_WARN_UNINITIALIZED_AUTOS = YES_AGGRESSIVE;
				GCC_WARN_UNUSED_FUNCTION = YES;
				GCC_WARN_UNUSED_VARIABLE = YES;
				IPHONEOS_DEPLOYMENT_TARGET = 13.5;
				MTL_ENABLE_DEBUG_INFO = NO;
				MTL_FAST_MATH = YES;
				SDKROOT = iphoneos;
				SWIFT_COMPILATION_MODE = wholemodule;
				SWIFT_OPTIMIZATION_LEVEL = "-O";
				VALIDATE_PRODUCT = YES;
			};
			name = Release;
		};
		6E834DF5249AAD4A00F08FCA /* Debug */ = {
			isa = XCBuildConfiguration;
			buildSettings = {
				ASSETCATALOG_COMPILER_APPICON_NAME = AppIcon;
				CODE_SIGN_STYLE = Automatic;
				INFOPLIST_FILE = Map/Info.plist;
				LD_RUNPATH_SEARCH_PATHS = (
					"$(inherited)",
					"@executable_path/Frameworks",
				);
				PRODUCT_BUNDLE_IDENTIFIER = jsmr.Map;
				PRODUCT_NAME = "$(TARGET_NAME)";
				SWIFT_VERSION = 5.0;
				TARGETED_DEVICE_FAMILY = "1,2";
			};
			name = Debug;
		};
		6E834DF6249AAD4A00F08FCA /* Release */ = {
			isa = XCBuildConfiguration;
			buildSettings = {
				ASSETCATALOG_COMPILER_APPICON_NAME = AppIcon;
				CODE_SIGN_STYLE = Automatic;
				INFOPLIST_FILE = Map/Info.plist;
				LD_RUNPATH_SEARCH_PATHS = (
					"$(inherited)",
					"@executable_path/Frameworks",
				);
				PRODUCT_BUNDLE_IDENTIFIER = jsmr.Map;
				PRODUCT_NAME = "$(TARGET_NAME)";
				SWIFT_VERSION = 5.0;
				TARGETED_DEVICE_FAMILY = "1,2";
			};
			name = Release;
		};
		6E834DF8249AAD4A00F08FCA /* Debug */ = {
			isa = XCBuildConfiguration;
			buildSettings = {
				ALWAYS_EMBED_SWIFT_STANDARD_LIBRARIES = YES;
				BUNDLE_LOADER = "$(TEST_HOST)";
				CODE_SIGN_STYLE = Automatic;
				INFOPLIST_FILE = MapTests/Info.plist;
				IPHONEOS_DEPLOYMENT_TARGET = 13.5;
				LD_RUNPATH_SEARCH_PATHS = (
					"$(inherited)",
					"@executable_path/Frameworks",
					"@loader_path/Frameworks",
				);
				PRODUCT_BUNDLE_IDENTIFIER = jsmr.MapTests;
				PRODUCT_NAME = "$(TARGET_NAME)";
				SWIFT_VERSION = 5.0;
				TARGETED_DEVICE_FAMILY = "1,2";
				TEST_HOST = "$(BUILT_PRODUCTS_DIR)/Map.app/Map";
			};
			name = Debug;
		};
		6E834DF9249AAD4A00F08FCA /* Release */ = {
			isa = XCBuildConfiguration;
			buildSettings = {
				ALWAYS_EMBED_SWIFT_STANDARD_LIBRARIES = YES;
				BUNDLE_LOADER = "$(TEST_HOST)";
				CODE_SIGN_STYLE = Automatic;
				INFOPLIST_FILE = MapTests/Info.plist;
				IPHONEOS_DEPLOYMENT_TARGET = 13.5;
				LD_RUNPATH_SEARCH_PATHS = (
					"$(inherited)",
					"@executable_path/Frameworks",
					"@loader_path/Frameworks",
				);
				PRODUCT_BUNDLE_IDENTIFIER = jsmr.MapTests;
				PRODUCT_NAME = "$(TARGET_NAME)";
				SWIFT_VERSION = 5.0;
				TARGETED_DEVICE_FAMILY = "1,2";
				TEST_HOST = "$(BUILT_PRODUCTS_DIR)/Map.app/Map";
			};
			name = Release;
		};
		6E834DFB249AAD4A00F08FCA /* Debug */ = {
			isa = XCBuildConfiguration;
			buildSettings = {
				ALWAYS_EMBED_SWIFT_STANDARD_LIBRARIES = YES;
				CODE_SIGN_STYLE = Automatic;
				INFOPLIST_FILE = MapUITests/Info.plist;
				LD_RUNPATH_SEARCH_PATHS = (
					"$(inherited)",
					"@executable_path/Frameworks",
					"@loader_path/Frameworks",
				);
				PRODUCT_BUNDLE_IDENTIFIER = jsmr.MapUITests;
				PRODUCT_NAME = "$(TARGET_NAME)";
				SWIFT_VERSION = 5.0;
				TARGETED_DEVICE_FAMILY = "1,2";
				TEST_TARGET_NAME = Map;
			};
			name = Debug;
		};
		6E834DFC249AAD4A00F08FCA /* Release */ = {
			isa = XCBuildConfiguration;
			buildSettings = {
				ALWAYS_EMBED_SWIFT_STANDARD_LIBRARIES = YES;
				CODE_SIGN_STYLE = Automatic;
				INFOPLIST_FILE = MapUITests/Info.plist;
				LD_RUNPATH_SEARCH_PATHS = (
					"$(inherited)",
					"@executable_path/Frameworks",
					"@loader_path/Frameworks",
				);
				PRODUCT_BUNDLE_IDENTIFIER = jsmr.MapUITests;
				PRODUCT_NAME = "$(TARGET_NAME)";
				SWIFT_VERSION = 5.0;
				TARGETED_DEVICE_FAMILY = "1,2";
				TEST_TARGET_NAME = Map;
			};
			name = Release;
		};
/* End XCBuildConfiguration section */

/* Begin XCConfigurationList section */
		6E834DC5249AAD4600F08FCA /* Build configuration list for PBXProject "Map" */ = {
			isa = XCConfigurationList;
			buildConfigurations = (
				6E834DF2249AAD4A00F08FCA /* Debug */,
				6E834DF3249AAD4A00F08FCA /* Release */,
			);
			defaultConfigurationIsVisible = 0;
			defaultConfigurationName = Release;
		};
		6E834DF4249AAD4A00F08FCA /* Build configuration list for PBXNativeTarget "Map" */ = {
			isa = XCConfigurationList;
			buildConfigurations = (
				6E834DF5249AAD4A00F08FCA /* Debug */,
				6E834DF6249AAD4A00F08FCA /* Release */,
			);
			defaultConfigurationIsVisible = 0;
			defaultConfigurationName = Release;
		};
		6E834DF7249AAD4A00F08FCA /* Build configuration list for PBXNativeTarget "MapTests" */ = {
			isa = XCConfigurationList;
			buildConfigurations = (
				6E834DF8249AAD4A00F08FCA /* Debug */,
				6E834DF9249AAD4A00F08FCA /* Release */,
			);
			defaultConfigurationIsVisible = 0;
			defaultConfigurationName = Release;
		};
		6E834DFA249AAD4A00F08FCA /* Build configuration list for PBXNativeTarget "MapUITests" */ = {
			isa = XCConfigurationList;
			buildConfigurations = (
				6E834DFB249AAD4A00F08FCA /* Debug */,
				6E834DFC249AAD4A00F08FCA /* Release */,
			);
			defaultConfigurationIsVisible = 0;
			defaultConfigurationName = Release;
		};
/* End XCConfigurationList section */
	};
	rootObject = 6E834DC2249AAD4600F08FCA /* Project object */;
}
